
Microsoft Visual Studio Solution File, Format Version 12.00
# Visual Studio 15
VisualStudioVersion = 15.0.28010.2036
MinimumVisualStudioVersion = 10.0.40219.1
Project("{FAE04EC0-301F-11D3-BF4B-00C04F79EFBC}") = "StorageMaster", "Exam Preparation\StorageMaster.csproj", "{75E5647A-CEBA-457A-A0E6-8DD806929DA3}"
EndProject
Global
	GlobalSection(SolutionConfigurationPlatforms) = preSolution
		Debug|Any CPU = Debug|Any CPU
		Release|Any CPU = Release|Any CPU
	EndGlobalSection
	GlobalSection(ProjectConfigurationPlatforms) = postSolution
		{75E5647A-CEBA-457A-A0E6-8DD806929DA3}.Debug|Any CPU.ActiveCfg = Debug|Any CPU
		{75E5647A-CEBA-457A-A0E6-8DD806929DA3}.Debug|Any CPU.Build.0 = Debug|Any CPU
		{75E5647A-CEBA-457A-A0E6-8DD806929DA3}.Release|Any CPU.ActiveCfg = Release|Any CPU
		{75E5647A-CEBA-457A-A0E6-8DD806929DA3}.Release|Any CPU.Build.0 = Release|Any CPU
	EndGlobalSection
	GlobalSection(SolutionProperties) = preSolution
		HideSolutionNode = FALSE
	EndGlobalSection
	GlobalSection(ExtensibilityGlobals) = postSolution
		SolutionGuid = {712D9D1C-C770-4F2A-826A-C820F8976B53}
	EndGlobalSection
EndGlobal
