
Microsoft Visual Studio Solution File, Format Version 12.00
# Visual Studio 15
VisualStudioVersion = 15.0.28010.2036
MinimumVisualStudioVersion = 10.0.40219.1
Project("{FAE04EC0-301F-11D3-BF4B-00C04F79EFBC}") = "Exercises_05.4", "Exercises_05.4\Exercises_05.4.csproj", "{65B36EC8-C019-4CBB-AF14-B718DE3C63DD}"
EndProject
Global
	GlobalSection(SolutionConfigurationPlatforms) = preSolution
		Debug|Any CPU = Debug|Any CPU
		Release|Any CPU = Release|Any CPU
	EndGlobalSection
	GlobalSection(ProjectConfigurationPlatforms) = postSolution
		{65B36EC8-C019-4CBB-AF14-B718DE3C63DD}.Debug|Any CPU.ActiveCfg = Debug|Any CPU
		{65B36EC8-C019-4CBB-AF14-B718DE3C63DD}.Debug|Any CPU.Build.0 = Debug|Any CPU
		{65B36EC8-C019-4CBB-AF14-B718DE3C63DD}.Release|Any CPU.ActiveCfg = Release|Any CPU
		{65B36EC8-C019-4CBB-AF14-B718DE3C63DD}.Release|Any CPU.Build.0 = Release|Any CPU
	EndGlobalSection
	GlobalSection(SolutionProperties) = preSolution
		HideSolutionNode = FALSE
	EndGlobalSection
	GlobalSection(ExtensibilityGlobals) = postSolution
		SolutionGuid = {34CCD221-6465-4E9C-95AD-82C517898649}
	EndGlobalSection
EndGlobal
