
Microsoft Visual Studio Solution File, Format Version 12.00
# Visual Studio 15
VisualStudioVersion = 15.0.27703.2042
MinimumVisualStudioVersion = 10.0.40219.1
Project("{FAE04EC0-301F-11D3-BF4B-00C04F79EFBC}") = "BankSystem", "BankSystem\BankSystem.csproj", "{CB51CD35-D310-429E-A5BA-1B42ADB4A1CE}"
EndProject
Global
	GlobalSection(SolutionConfigurationPlatforms) = preSolution
		Debug|Any CPU = Debug|Any CPU
		Release|Any CPU = Release|Any CPU
	EndGlobalSection
	GlobalSection(ProjectConfigurationPlatforms) = postSolution
		{CB51CD35-D310-429E-A5BA-1B42ADB4A1CE}.Debug|Any CPU.ActiveCfg = Debug|Any CPU
		{CB51CD35-D310-429E-A5BA-1B42ADB4A1CE}.Debug|Any CPU.Build.0 = Debug|Any CPU
		{CB51CD35-D310-429E-A5BA-1B42ADB4A1CE}.Release|Any CPU.ActiveCfg = Release|Any CPU
		{CB51CD35-D310-429E-A5BA-1B42ADB4A1CE}.Release|Any CPU.Build.0 = Release|Any CPU
	EndGlobalSection
	GlobalSection(SolutionProperties) = preSolution
		HideSolutionNode = FALSE
	EndGlobalSection
	GlobalSection(ExtensibilityGlobals) = postSolution
		SolutionGuid = {A01E19CE-6721-48C2-AB30-17066E774CE0}
	EndGlobalSection
EndGlobal
