
Microsoft Visual Studio Solution File, Format Version 12.00
# Visual Studio 15
VisualStudioVersion = 15.0.27703.2042
MinimumVisualStudioVersion = 10.0.40219.1
Project("{FAE04EC0-301F-11D3-BF4B-00C04F79EFBC}") = "Bank", "Bank\Bank.csproj", "{D657547A-F8DA-456A-A14D-76B13E884A0F}"
EndProject
Project("{FAE04EC0-301F-11D3-BF4B-00C04F79EFBC}") = "Bank.Tests", "Bank.Tests\Bank.Tests.csproj", "{E34B5AB0-F031-410E-9AE1-08C6CE2DEBE9}"
EndProject
Global
	GlobalSection(SolutionConfigurationPlatforms) = preSolution
		Debug|Any CPU = Debug|Any CPU
		Release|Any CPU = Release|Any CPU
	EndGlobalSection
	GlobalSection(ProjectConfigurationPlatforms) = postSolution
		{D657547A-F8DA-456A-A14D-76B13E884A0F}.Debug|Any CPU.ActiveCfg = Debug|Any CPU
		{D657547A-F8DA-456A-A14D-76B13E884A0F}.Debug|Any CPU.Build.0 = Debug|Any CPU
		{D657547A-F8DA-456A-A14D-76B13E884A0F}.Release|Any CPU.ActiveCfg = Release|Any CPU
		{D657547A-F8DA-456A-A14D-76B13E884A0F}.Release|Any CPU.Build.0 = Release|Any CPU
		{E34B5AB0-F031-410E-9AE1-08C6CE2DEBE9}.Debug|Any CPU.ActiveCfg = Debug|Any CPU
		{E34B5AB0-F031-410E-9AE1-08C6CE2DEBE9}.Debug|Any CPU.Build.0 = Debug|Any CPU
		{E34B5AB0-F031-410E-9AE1-08C6CE2DEBE9}.Release|Any CPU.ActiveCfg = Release|Any CPU
		{E34B5AB0-F031-410E-9AE1-08C6CE2DEBE9}.Release|Any CPU.Build.0 = Release|Any CPU
	EndGlobalSection
	GlobalSection(SolutionProperties) = preSolution
		HideSolutionNode = FALSE
	EndGlobalSection
	GlobalSection(ExtensibilityGlobals) = postSolution
		SolutionGuid = {9E8FD12D-1163-476C-896D-954450CB1667}
	EndGlobalSection
EndGlobal
