
Microsoft Visual Studio Solution File, Format Version 12.00
# Visual Studio Version 16
VisualStudioVersion = 16.0.29709.97
MinimumVisualStudioVersion = 10.0.40219.1
Project("{FAE04EC0-301F-11D3-BF4B-00C04F79EFBC}") = "VacationManager", "VacationManager\VacationManager.csproj", "{65D88D74-8A19-44BD-8F2F-05171AE3FA65}"
EndProject
Global
	GlobalSection(SolutionConfigurationPlatforms) = preSolution
		Debug|Any CPU = Debug|Any CPU
		Release|Any CPU = Release|Any CPU
	EndGlobalSection
	GlobalSection(ProjectConfigurationPlatforms) = postSolution
		{65D88D74-8A19-44BD-8F2F-05171AE3FA65}.Debug|Any CPU.ActiveCfg = Debug|Any CPU
		{65D88D74-8A19-44BD-8F2F-05171AE3FA65}.Debug|Any CPU.Build.0 = Debug|Any CPU
		{65D88D74-8A19-44BD-8F2F-05171AE3FA65}.Release|Any CPU.ActiveCfg = Release|Any CPU
		{65D88D74-8A19-44BD-8F2F-05171AE3FA65}.Release|Any CPU.Build.0 = Release|Any CPU
	EndGlobalSection
	GlobalSection(SolutionProperties) = preSolution
		HideSolutionNode = FALSE
	EndGlobalSection
	GlobalSection(ExtensibilityGlobals) = postSolution
		SolutionGuid = {3F793956-BA0E-4B33-A592-38621933A46F}
	EndGlobalSection
EndGlobal
