
Microsoft Visual Studio Solution File, Format Version 12.00
# Visual Studio 15
VisualStudioVersion = 15.0.28010.2036
MinimumVisualStudioVersion = 10.0.40219.1
Project("{FAE04EC0-301F-11D3-BF4B-00C04F79EFBC}") = "Exercises", "Generics\Exercises.csproj", "{800CE304-B014-4F10-B2BF-FDD30352BE8E}"
EndProject
Project("{FAE04EC0-301F-11D3-BF4B-00C04F79EFBC}") = "GenericMethodsAndInterfaces", "GenericMethodsAndInterfaces\GenericMethodsAndInterfaces.csproj", "{430D62E0-62F1-431C-A420-B058F4F43DA6}"
EndProject
Global
	GlobalSection(SolutionConfigurationPlatforms) = preSolution
		Debug|Any CPU = Debug|Any CPU
		Release|Any CPU = Release|Any CPU
	EndGlobalSection
	GlobalSection(ProjectConfigurationPlatforms) = postSolution
		{800CE304-B014-4F10-B2BF-FDD30352BE8E}.Debug|Any CPU.ActiveCfg = Debug|Any CPU
		{800CE304-B014-4F10-B2BF-FDD30352BE8E}.Debug|Any CPU.Build.0 = Debug|Any CPU
		{800CE304-B014-4F10-B2BF-FDD30352BE8E}.Release|Any CPU.ActiveCfg = Release|Any CPU
		{800CE304-B014-4F10-B2BF-FDD30352BE8E}.Release|Any CPU.Build.0 = Release|Any CPU
		{430D62E0-62F1-431C-A420-B058F4F43DA6}.Debug|Any CPU.ActiveCfg = Debug|Any CPU
		{430D62E0-62F1-431C-A420-B058F4F43DA6}.Debug|Any CPU.Build.0 = Debug|Any CPU
		{430D62E0-62F1-431C-A420-B058F4F43DA6}.Release|Any CPU.ActiveCfg = Release|Any CPU
		{430D62E0-62F1-431C-A420-B058F4F43DA6}.Release|Any CPU.Build.0 = Release|Any CPU
	EndGlobalSection
	GlobalSection(SolutionProperties) = preSolution
		HideSolutionNode = FALSE
	EndGlobalSection
	GlobalSection(ExtensibilityGlobals) = postSolution
		SolutionGuid = {7E7D26EB-00C2-4536-ADE1-DD08663B9D4B}
	EndGlobalSection
EndGlobal
