
Microsoft Visual Studio Solution File, Format Version 12.00
# Visual Studio 15
VisualStudioVersion = 15.0.28010.2036
MinimumVisualStudioVersion = 10.0.40219.1
Project("{FAE04EC0-301F-11D3-BF4B-00C04F79EFBC}") = "Exercises_05.2", "Exercises_05.1\Exercises_05.2.csproj", "{7441A625-B063-4943-805C-089DC0D2819B}"
EndProject
Global
	GlobalSection(SolutionConfigurationPlatforms) = preSolution
		Debug|Any CPU = Debug|Any CPU
		Release|Any CPU = Release|Any CPU
	EndGlobalSection
	GlobalSection(ProjectConfigurationPlatforms) = postSolution
		{7441A625-B063-4943-805C-089DC0D2819B}.Debug|Any CPU.ActiveCfg = Debug|Any CPU
		{7441A625-B063-4943-805C-089DC0D2819B}.Debug|Any CPU.Build.0 = Debug|Any CPU
		{7441A625-B063-4943-805C-089DC0D2819B}.Release|Any CPU.ActiveCfg = Release|Any CPU
		{7441A625-B063-4943-805C-089DC0D2819B}.Release|Any CPU.Build.0 = Release|Any CPU
	EndGlobalSection
	GlobalSection(SolutionProperties) = preSolution
		HideSolutionNode = FALSE
	EndGlobalSection
	GlobalSection(ExtensibilityGlobals) = postSolution
		SolutionGuid = {3514057A-E935-442D-9AA6-16719F267D13}
	EndGlobalSection
EndGlobal
