
Microsoft Visual Studio Solution File, Format Version 12.00
# Visual Studio 15
VisualStudioVersion = 15.0.28010.2036
MinimumVisualStudioVersion = 10.0.40219.1
Project("{FAE04EC0-301F-11D3-BF4B-00C04F79EFBC}") = "Exercises_04.1", "Exercises\Exercises_04.1.csproj", "{C81DC977-4B31-4DA6-823C-2AFDAF890D3E}"
EndProject
Project("{FAE04EC0-301F-11D3-BF4B-00C04F79EFBC}") = "Exercises_04.2", "Exercises_04.2\Exercises_04.2.csproj", "{2615F98F-C9CF-48B9-9183-6392C1DA7E30}"
EndProject
Project("{FAE04EC0-301F-11D3-BF4B-00C04F79EFBC}") = "Exercises_04.3", "Exercises_04.3\Exercises_04.3.csproj", "{7DC0EE01-8B2C-47F2-A634-38B75126D748}"
EndProject
Global
	GlobalSection(SolutionConfigurationPlatforms) = preSolution
		Debug|Any CPU = Debug|Any CPU
		Release|Any CPU = Release|Any CPU
	EndGlobalSection
	GlobalSection(ProjectConfigurationPlatforms) = postSolution
		{C81DC977-4B31-4DA6-823C-2AFDAF890D3E}.Debug|Any CPU.ActiveCfg = Debug|Any CPU
		{C81DC977-4B31-4DA6-823C-2AFDAF890D3E}.Debug|Any CPU.Build.0 = Debug|Any CPU
		{C81DC977-4B31-4DA6-823C-2AFDAF890D3E}.Release|Any CPU.ActiveCfg = Release|Any CPU
		{C81DC977-4B31-4DA6-823C-2AFDAF890D3E}.Release|Any CPU.Build.0 = Release|Any CPU
		{2615F98F-C9CF-48B9-9183-6392C1DA7E30}.Debug|Any CPU.ActiveCfg = Debug|Any CPU
		{2615F98F-C9CF-48B9-9183-6392C1DA7E30}.Debug|Any CPU.Build.0 = Debug|Any CPU
		{2615F98F-C9CF-48B9-9183-6392C1DA7E30}.Release|Any CPU.ActiveCfg = Release|Any CPU
		{2615F98F-C9CF-48B9-9183-6392C1DA7E30}.Release|Any CPU.Build.0 = Release|Any CPU
		{7DC0EE01-8B2C-47F2-A634-38B75126D748}.Debug|Any CPU.ActiveCfg = Debug|Any CPU
		{7DC0EE01-8B2C-47F2-A634-38B75126D748}.Debug|Any CPU.Build.0 = Debug|Any CPU
		{7DC0EE01-8B2C-47F2-A634-38B75126D748}.Release|Any CPU.ActiveCfg = Release|Any CPU
		{7DC0EE01-8B2C-47F2-A634-38B75126D748}.Release|Any CPU.Build.0 = Release|Any CPU
	EndGlobalSection
	GlobalSection(SolutionProperties) = preSolution
		HideSolutionNode = FALSE
	EndGlobalSection
	GlobalSection(ExtensibilityGlobals) = postSolution
		SolutionGuid = {F5E78AE2-5460-4334-B5E8-1EB4463C7B10}
	EndGlobalSection
EndGlobal
