
Microsoft Visual Studio Solution File, Format Version 12.00
# Visual Studio 15
VisualStudioVersion = 15.0.28010.2036
MinimumVisualStudioVersion = 10.0.40219.1
Project("{9A19103F-16F7-4668-BE54-9A1E7A4F7556}") = "Exercises_05.3", "Exercises_05.3\Exercises_05.3.csproj", "{E17A57CB-DC9D-4D44-AE97-7474F89FC8A6}"
EndProject
Project("{9A19103F-16F7-4668-BE54-9A1E7A4F7556}") = "Exercise_05.1", "Exercise_05.1\Exercise_05.1.csproj", "{EE845179-2A83-40E7-B76C-50DFBC3AEF79}"
EndProject
Project("{9A19103F-16F7-4668-BE54-9A1E7A4F7556}") = "Exercise_05.4", "Exercise_05.4\Exercise_05.4.csproj", "{54CF83F4-CCC0-44AC-9332-AEC01F84F28D}"
EndProject
Project("{FAE04EC0-301F-11D3-BF4B-00C04F79EFBC}") = "Exercise_05.5And6", "Exercise_05.5\Exercise_05.5And6.csproj", "{9D2A5F8B-510B-45A6-8D4A-44EA0102E9AF}"
EndProject
Project("{FAE04EC0-301F-11D3-BF4B-00C04F79EFBC}") = "Exercise_05.7", "Exercise_05.7\Exercise_05.7.csproj", "{FA52F9BC-2DAD-4A53-B8CF-4FFB572D2AD4}"
EndProject
Global
	GlobalSection(SolutionConfigurationPlatforms) = preSolution
		Debug|Any CPU = Debug|Any CPU
		Release|Any CPU = Release|Any CPU
	EndGlobalSection
	GlobalSection(ProjectConfigurationPlatforms) = postSolution
		{E17A57CB-DC9D-4D44-AE97-7474F89FC8A6}.Debug|Any CPU.ActiveCfg = Debug|Any CPU
		{E17A57CB-DC9D-4D44-AE97-7474F89FC8A6}.Debug|Any CPU.Build.0 = Debug|Any CPU
		{E17A57CB-DC9D-4D44-AE97-7474F89FC8A6}.Release|Any CPU.ActiveCfg = Release|Any CPU
		{E17A57CB-DC9D-4D44-AE97-7474F89FC8A6}.Release|Any CPU.Build.0 = Release|Any CPU
		{EE845179-2A83-40E7-B76C-50DFBC3AEF79}.Debug|Any CPU.ActiveCfg = Debug|Any CPU
		{EE845179-2A83-40E7-B76C-50DFBC3AEF79}.Debug|Any CPU.Build.0 = Debug|Any CPU
		{EE845179-2A83-40E7-B76C-50DFBC3AEF79}.Release|Any CPU.ActiveCfg = Release|Any CPU
		{EE845179-2A83-40E7-B76C-50DFBC3AEF79}.Release|Any CPU.Build.0 = Release|Any CPU
		{54CF83F4-CCC0-44AC-9332-AEC01F84F28D}.Debug|Any CPU.ActiveCfg = Debug|Any CPU
		{54CF83F4-CCC0-44AC-9332-AEC01F84F28D}.Debug|Any CPU.Build.0 = Debug|Any CPU
		{54CF83F4-CCC0-44AC-9332-AEC01F84F28D}.Release|Any CPU.ActiveCfg = Release|Any CPU
		{54CF83F4-CCC0-44AC-9332-AEC01F84F28D}.Release|Any CPU.Build.0 = Release|Any CPU
		{9D2A5F8B-510B-45A6-8D4A-44EA0102E9AF}.Debug|Any CPU.ActiveCfg = Debug|Any CPU
		{9D2A5F8B-510B-45A6-8D4A-44EA0102E9AF}.Debug|Any CPU.Build.0 = Debug|Any CPU
		{9D2A5F8B-510B-45A6-8D4A-44EA0102E9AF}.Release|Any CPU.ActiveCfg = Release|Any CPU
		{9D2A5F8B-510B-45A6-8D4A-44EA0102E9AF}.Release|Any CPU.Build.0 = Release|Any CPU
		{FA52F9BC-2DAD-4A53-B8CF-4FFB572D2AD4}.Debug|Any CPU.ActiveCfg = Debug|Any CPU
		{FA52F9BC-2DAD-4A53-B8CF-4FFB572D2AD4}.Debug|Any CPU.Build.0 = Debug|Any CPU
		{FA52F9BC-2DAD-4A53-B8CF-4FFB572D2AD4}.Release|Any CPU.ActiveCfg = Release|Any CPU
		{FA52F9BC-2DAD-4A53-B8CF-4FFB572D2AD4}.Release|Any CPU.Build.0 = Release|Any CPU
	EndGlobalSection
	GlobalSection(SolutionProperties) = preSolution
		HideSolutionNode = FALSE
	EndGlobalSection
	GlobalSection(ExtensibilityGlobals) = postSolution
		SolutionGuid = {3649EDA1-64B5-44A3-83E0-A6B80802D50B}
	EndGlobalSection
EndGlobal
